
Microsoft Visual Studio Solution File, Format Version 12.00
# Visual Studio 15
VisualStudioVersion = 15.0.27004.2002
MinimumVisualStudioVersion = 10.0.40219.1
Project("{FAE04EC0-301F-11D3-BF4B-00C04F79EFBC}") = "OGEDestroyer", "OGEDestroyer.csproj", "{6E792B84-F026-4F7D-83F8-6B2016FAC968}"
EndProject
Global
	GlobalSection(SolutionConfigurationPlatforms) = preSolution
		Debug|Any CPU = Debug|Any CPU
		Release|Any CPU = Release|Any CPU
	EndGlobalSection
	GlobalSection(ProjectConfigurationPlatforms) = postSolution
		{6E792B84-F026-4F7D-83F8-6B2016FAC968}.Debug|Any CPU.ActiveCfg = Debug|Any CPU
		{6E792B84-F026-4F7D-83F8-6B2016FAC968}.Debug|Any CPU.Build.0 = Debug|Any CPU
		{6E792B84-F026-4F7D-83F8-6B2016FAC968}.Release|Any CPU.ActiveCfg = Release|Any CPU
		{6E792B84-F026-4F7D-83F8-6B2016FAC968}.Release|Any CPU.Build.0 = Release|Any CPU
	EndGlobalSection
	GlobalSection(SolutionProperties) = preSolution
		HideSolutionNode = FALSE
	EndGlobalSection
	GlobalSection(ExtensibilityGlobals) = postSolution
		SolutionGuid = {2B3E1356-4A3A-4250-9978-31109F741FDB}
	EndGlobalSection
EndGlobal
